# THIS IS AN AUTOGENERATED FILE. DO NOT EDIT THIS FILE DIRECTLY.
# yarn lockfile v1


"@types/node@^16.4.11":
  version "16.4.11"
  resolved "https://registry.yarnpkg.com/@types/node/-/node-16.4.11.tgz#245030af802c776c31f00eb0cdde40ee615db462"
  integrity sha512-nWSFUbuNiPKJEe1IViuodSI+9cM+vpM8SWF/O6dJK7wmGRNq55U7XavJHrlRrPkSMuUZUFzg1xaZ1B+ZZCrRWw==

typescript@^4.3.5:
  version "4.3.5"
  resolved "https://registry.yarnpkg.com/typescript/-/typescript-4.3.5.tgz#4d1c37cc16e893973c45a06886b7113234f119f4"
  integrity sha512-DqQgihaQ9cUrskJo9kIyW/+g0Vxsk8cDtZ52a3NGh0YNTfpUSArXSohyUGnvbPazEPLu398C0UxmKSOrPumUzA==
